{
  "projects": [
    {
      "projectId": "YUiM7yqBWAqsh8KSnrdj7",
      "version": "0.37.0",
      "dependencies": {},
      "lang": "ts",
      "fileLocks": [
        {
          "assetId": "YUiM7yqBWAqsh8KSnrdj7",
          "type": "projectCss",
          "checksum": "864b6fafea973ebd92a689289e1ebdaa"
        }
      ],
      "codegenVersion": "0.0.1"
    },
    {
      "projectId": "8PtdGodUbexNYgkuyBUcWu",
      "version": "3.31.0",
      "dependencies": {},
      "lang": "ts",
      "fileLocks": [
        {
          "assetId": "8PtdGodUbexNYgkuyBUcWu",
          "type": "projectCss",
          "checksum": "088414e6e971a72681288a050fb2f7d7"
        },
        {
          "assetId": "8PtdGodUbexNYgkuyBUcWu",
          "checksum": "73535dd5df0b6752ddefce5a51e0fa5e",
          "type": "globalContexts"
        }
      ],
      "codegenVersion": "0.0.1"
    },
    {
      "projectId": "kS7YGZfVr6mU43XDQjXELc",
      "version": "0.22.0",
      "dependencies": {},
      "lang": "ts",
      "fileLocks": [
        {
          "assetId": "kS7YGZfVr6mU43XDQjXELc",
          "type": "projectCss",
          "checksum": "fd97b5780f8a68a1561c8818e6d31f40"
        }
      ],
      "codegenVersion": "0.0.1"
    },
    {
      "projectId": "ohDidvG9XsCeFumugENU3J",
      "version": "6.33.0",
      "dependencies": {},
      "lang": "ts",
      "fileLocks": [
        {
          "assetId": "ohDidvG9XsCeFumugENU3J",
          "type": "projectCss",
          "checksum": "90d914ab6827da8f06873ac8ab81cbfa"
        },
        {
          "assetId": "ohDidvG9XsCeFumugENU3J",
          "checksum": "f9cc098ce5640eefe7d9edb8470a210c",
          "type": "globalContexts"
        }
      ],
      "codegenVersion": "0.0.1"
    },
    {
      "projectId": "gmeH6XgPaBtkt51HunAo4g",
      "version": "18.24.0",
      "dependencies": {},
      "lang": "ts",
      "fileLocks": [
        {
          "assetId": "gmeH6XgPaBtkt51HunAo4g",
          "type": "projectCss",
          "checksum": "fd97b5780f8a68a1561c8818e6d31f40"
        }
      ],
      "codegenVersion": "0.0.1"
    },
    {
      "projectId": "mDEHsX1J3YSWVvMcFkMkt9",
      "version": "latest",
      "dependencies": {
        "gmeH6XgPaBtkt51HunAo4g": "18.24.0",
        "ohDidvG9XsCeFumugENU3J": "6.33.0",
        "kS7YGZfVr6mU43XDQjXELc": "0.22.0",
        "8PtdGodUbexNYgkuyBUcWu": "3.31.0",
        "YUiM7yqBWAqsh8KSnrdj7": "0.37.0"
      },
      "lang": "ts",
      "fileLocks": [
        {
          "type": "globalVariant",
          "assetId": "8J7ghLNtJ6O4",
          "checksum": "4cabbe8ad593fd011900778db9e2292c"
        },
        {
          "assetId": "mDEHsX1J3YSWVvMcFkMkt9",
          "type": "projectCss",
          "checksum": "e54bbb83ea0f8c2a77b6f74a524c07ce"
        },
        {
          "assetId": "mDEHsX1J3YSWVvMcFkMkt9",
          "checksum": "799402e821c582a0d07c0d0d816675b3",
          "type": "globalContexts"
        },
        {
          "type": "renderModule",
          "assetId": "xkbO757stMGy",
          "checksum": "8465c2f51ecd4c1688438941fa559757"
        },
        {
          "type": "cssRules",
          "assetId": "xkbO757stMGy",
          "checksum": "8465c2f51ecd4c1688438941fa559757"
        },
        {
          "type": "renderModule",
          "assetId": "41oH0eXWuuyU",
          "checksum": "1dab79a231deccd7a70f84322ba0bc0c"
        },
        {
          "type": "cssRules",
          "assetId": "41oH0eXWuuyU",
          "checksum": "1dab79a231deccd7a70f84322ba0bc0c"
        },
        {
          "type": "renderModule",
          "assetId": "DJJF_67d65hu",
          "checksum": "3200be0d5b6529809bc9ab8096f37000"
        },
        {
          "type": "cssRules",
          "assetId": "DJJF_67d65hu",
          "checksum": "3200be0d5b6529809bc9ab8096f37000"
        },
        {
          "type": "renderModule",
          "assetId": "Bxy-sF0HVspK",
          "checksum": "1ea38a5a5464b24c90e6647e9362bfdb"
        },
        {
          "type": "cssRules",
          "assetId": "Bxy-sF0HVspK",
          "checksum": "1ea38a5a5464b24c90e6647e9362bfdb"
        },
        {
          "type": "renderModule",
          "assetId": "YtfkTYddLs9L",
          "checksum": "7b936abb22a0daca6d0e33267117def2"
        },
        {
          "type": "cssRules",
          "assetId": "YtfkTYddLs9L",
          "checksum": "7b936abb22a0daca6d0e33267117def2"
        },
        {
          "type": "renderModule",
          "assetId": "PBJYPWxfdZVw",
          "checksum": "c1062038a0b5d890515e4f2c809ef6b0"
        },
        {
          "type": "cssRules",
          "assetId": "PBJYPWxfdZVw",
          "checksum": "c1062038a0b5d890515e4f2c809ef6b0"
        },
        {
          "type": "renderModule",
          "assetId": "wX4cqxiNHL1U",
          "checksum": "5c54c88485a59f03fdeea0a5710f9150"
        },
        {
          "type": "cssRules",
          "assetId": "wX4cqxiNHL1U",
          "checksum": "5c54c88485a59f03fdeea0a5710f9150"
        },
        {
          "type": "renderModule",
          "assetId": "w0pyXuGH1xMc",
          "checksum": "9d0a3ae7721a7141e9298f38434c61b1"
        },
        {
          "type": "cssRules",
          "assetId": "w0pyXuGH1xMc",
          "checksum": "9d0a3ae7721a7141e9298f38434c61b1"
        },
        {
          "type": "renderModule",
          "assetId": "HtSNNwc1RtTQ",
          "checksum": "ddb505452d14c5f0261fb9506343d41c"
        },
        {
          "type": "cssRules",
          "assetId": "HtSNNwc1RtTQ",
          "checksum": "ddb505452d14c5f0261fb9506343d41c"
        },
        {
          "type": "renderModule",
          "assetId": "hnqhUIRjn58C",
          "checksum": "e0973a906e1e1a8ae2efd225b63691c1"
        },
        {
          "type": "cssRules",
          "assetId": "hnqhUIRjn58C",
          "checksum": "e0973a906e1e1a8ae2efd225b63691c1"
        },
        {
          "type": "renderModule",
          "assetId": "pC6qv9KjJ7Wk",
          "checksum": "63363237d4a05d225c21f35341ed0088"
        },
        {
          "type": "cssRules",
          "assetId": "pC6qv9KjJ7Wk",
          "checksum": "63363237d4a05d225c21f35341ed0088"
        },
        {
          "type": "renderModule",
          "assetId": "7RlS78lREQJn",
          "checksum": "85e69152ab3cbd1e0189b8e36ba4478e"
        },
        {
          "type": "cssRules",
          "assetId": "7RlS78lREQJn",
          "checksum": "85e69152ab3cbd1e0189b8e36ba4478e"
        },
        {
          "type": "renderModule",
          "assetId": "uigk3RmWP41n",
          "checksum": "93b2164145f50979051c9de47688f47f"
        },
        {
          "type": "cssRules",
          "assetId": "uigk3RmWP41n",
          "checksum": "93b2164145f50979051c9de47688f47f"
        },
        {
          "type": "renderModule",
          "assetId": "JvkJkd1sW7PX",
          "checksum": "be64e1dfe8b1c3df2af27b6a137a1636"
        },
        {
          "type": "cssRules",
          "assetId": "JvkJkd1sW7PX",
          "checksum": "be64e1dfe8b1c3df2af27b6a137a1636"
        },
        {
          "type": "renderModule",
          "assetId": "hT-7s431ztM_",
          "checksum": "c2c1661fd85ac6e830a679519a25e75b"
        },
        {
          "type": "cssRules",
          "assetId": "hT-7s431ztM_",
          "checksum": "c2c1661fd85ac6e830a679519a25e75b"
        },
        {
          "type": "renderModule",
          "assetId": "k-rqPJBaiKRM",
          "checksum": "66566e340b89275469124c3c0128e95f"
        },
        {
          "type": "cssRules",
          "assetId": "k-rqPJBaiKRM",
          "checksum": "66566e340b89275469124c3c0128e95f"
        },
        {
          "type": "icon",
          "assetId": "MWa29Sm_yoVB",
          "checksum": "8c215f1abbab50ed37a092a4806536b7"
        },
        {
          "type": "icon",
          "assetId": "fn8qkSKZ1Ot9",
          "checksum": "d6dec4203d49621bb94ff1380dfaca5f"
        },
        {
          "type": "icon",
          "assetId": "XWYiocHDU_1K",
          "checksum": "d3782420292ee2919756b34369c497e7"
        },
        {
          "type": "image",
          "assetId": "c2oo2-gObU79",
          "checksum": "0af4d7ee77610896668cc7c282427c02"
        },
        {
          "type": "image",
          "assetId": "IzwH6EAlqatw",
          "checksum": "969cb62d472858c3002d863e24b0b20a"
        },
        {
          "type": "image",
          "assetId": "dkBf6jJUyiFc",
          "checksum": "4e871934df7c9ef9327b86c56b1dbcc9"
        },
        {
          "type": "image",
          "assetId": "flFs5xz-bka1",
          "checksum": "cc5a9f87fdb24f9343378a31d0143446"
        },
        {
          "type": "image",
          "assetId": "4PPGe3l2u2-Q",
          "checksum": "74809b489588f84940f0d4d386df7e2c"
        },
        {
          "type": "image",
          "assetId": "EW1O8xLn5EZ_",
          "checksum": "052f131a9bbf527064a77c59888f6010"
        }
      ],
      "codegenVersion": "0.0.1"
    }
  ],
  "cliVersion": "0.1.341"
}
