{
  "projects": [
    {
      "projectId": "YUiM7yqBWAqsh8KSnrdj7",
      "version": "0.38.0",
      "dependencies": {},
      "lang": "ts",
      "fileLocks": [
        {
          "assetId": "YUiM7yqBWAqsh8KSnrdj7",
          "type": "projectCss",
          "checksum": "864b6fafea973ebd92a689289e1ebdaa"
        }
      ],
      "codegenVersion": "0.0.1"
    },
    {
      "projectId": "8PtdGodUbexNYgkuyBUcWu",
      "version": "3.32.0",
      "dependencies": {},
      "lang": "ts",
      "fileLocks": [
        {
          "assetId": "8PtdGodUbexNYgkuyBUcWu",
          "checksum": "73535dd5df0b6752ddefce5a51e0fa5e",
          "type": "globalContexts"
        },
        {
          "assetId": "8PtdGodUbexNYgkuyBUcWu",
          "type": "projectCss",
          "checksum": "088414e6e971a72681288a050fb2f7d7"
        }
      ],
      "codegenVersion": "0.0.1"
    },
    {
      "projectId": "kS7YGZfVr6mU43XDQjXELc",
      "version": "0.23.0",
      "dependencies": {},
      "lang": "ts",
      "fileLocks": [
        {
          "assetId": "kS7YGZfVr6mU43XDQjXELc",
          "type": "projectCss",
          "checksum": "fd97b5780f8a68a1561c8818e6d31f40"
        }
      ],
      "codegenVersion": "0.0.1"
    },
    {
      "projectId": "ohDidvG9XsCeFumugENU3J",
      "version": "6.34.0",
      "dependencies": {},
      "lang": "ts",
      "fileLocks": [
        {
          "assetId": "ohDidvG9XsCeFumugENU3J",
          "checksum": "f9cc098ce5640eefe7d9edb8470a210c",
          "type": "globalContexts"
        },
        {
          "assetId": "ohDidvG9XsCeFumugENU3J",
          "type": "projectCss",
          "checksum": "90d914ab6827da8f06873ac8ab81cbfa"
        }
      ],
      "codegenVersion": "0.0.1"
    },
    {
      "projectId": "gmeH6XgPaBtkt51HunAo4g",
      "version": "18.25.0",
      "dependencies": {},
      "lang": "ts",
      "fileLocks": [
        {
          "assetId": "gmeH6XgPaBtkt51HunAo4g",
          "type": "projectCss",
          "checksum": "fd97b5780f8a68a1561c8818e6d31f40"
        }
      ],
      "codegenVersion": "0.0.1"
    },
    {
      "projectId": "mDEHsX1J3YSWVvMcFkMkt9",
      "version": "latest",
      "dependencies": {
        "gmeH6XgPaBtkt51HunAo4g": "18.25.0",
        "ohDidvG9XsCeFumugENU3J": "6.34.0",
        "kS7YGZfVr6mU43XDQjXELc": "0.23.0",
        "8PtdGodUbexNYgkuyBUcWu": "3.32.0",
        "YUiM7yqBWAqsh8KSnrdj7": "0.38.0"
      },
      "lang": "ts",
      "fileLocks": [
        {
          "type": "globalVariant",
          "assetId": "8J7ghLNtJ6O4",
          "checksum": "4cabbe8ad593fd011900778db9e2292c"
        },
        {
          "assetId": "mDEHsX1J3YSWVvMcFkMkt9",
          "checksum": "23d59124e9055826ad4352a0dc9f18ad",
          "type": "globalContexts"
        },
        {
          "type": "renderModule",
          "assetId": "xkbO757stMGy",
          "checksum": "805a34b1e5c563134ac956b22221c8c6"
        },
        {
          "type": "cssRules",
          "assetId": "xkbO757stMGy",
          "checksum": "805a34b1e5c563134ac956b22221c8c6"
        },
        {
          "type": "renderModule",
          "assetId": "41oH0eXWuuyU",
          "checksum": "a4cd40d841563918b9bcf9443058c71d"
        },
        {
          "type": "cssRules",
          "assetId": "41oH0eXWuuyU",
          "checksum": "a4cd40d841563918b9bcf9443058c71d"
        },
        {
          "type": "renderModule",
          "assetId": "DJJF_67d65hu",
          "checksum": "c5eea4d6973914ecdb9f51dd2e1f9438"
        },
        {
          "type": "cssRules",
          "assetId": "DJJF_67d65hu",
          "checksum": "c5eea4d6973914ecdb9f51dd2e1f9438"
        },
        {
          "type": "renderModule",
          "assetId": "Bxy-sF0HVspK",
          "checksum": "882c3717c59738e1f130cc048bcd502b"
        },
        {
          "type": "cssRules",
          "assetId": "Bxy-sF0HVspK",
          "checksum": "882c3717c59738e1f130cc048bcd502b"
        },
        {
          "type": "renderModule",
          "assetId": "YtfkTYddLs9L",
          "checksum": "b4e8ea538bf164ad5cecbec1ea58c612"
        },
        {
          "type": "cssRules",
          "assetId": "YtfkTYddLs9L",
          "checksum": "b4e8ea538bf164ad5cecbec1ea58c612"
        },
        {
          "type": "renderModule",
          "assetId": "PBJYPWxfdZVw",
          "checksum": "c017a15020f44e4dad84845a7279b707"
        },
        {
          "type": "cssRules",
          "assetId": "PBJYPWxfdZVw",
          "checksum": "c017a15020f44e4dad84845a7279b707"
        },
        {
          "type": "renderModule",
          "assetId": "wX4cqxiNHL1U",
          "checksum": "2a2894485b103461753c1bafd3238991"
        },
        {
          "type": "cssRules",
          "assetId": "wX4cqxiNHL1U",
          "checksum": "2a2894485b103461753c1bafd3238991"
        },
        {
          "type": "renderModule",
          "assetId": "w0pyXuGH1xMc",
          "checksum": "c0d56beec9e77a655359c701d069fc46"
        },
        {
          "type": "cssRules",
          "assetId": "w0pyXuGH1xMc",
          "checksum": "c0d56beec9e77a655359c701d069fc46"
        },
        {
          "type": "renderModule",
          "assetId": "HtSNNwc1RtTQ",
          "checksum": "481af545274a5eab7d0e9ac17acf321e"
        },
        {
          "type": "cssRules",
          "assetId": "HtSNNwc1RtTQ",
          "checksum": "481af545274a5eab7d0e9ac17acf321e"
        },
        {
          "type": "renderModule",
          "assetId": "hnqhUIRjn58C",
          "checksum": "50a0870bac94efb4810283b790bea238"
        },
        {
          "type": "cssRules",
          "assetId": "hnqhUIRjn58C",
          "checksum": "50a0870bac94efb4810283b790bea238"
        },
        {
          "type": "renderModule",
          "assetId": "pC6qv9KjJ7Wk",
          "checksum": "9962d0ba0d4dda2380a3dea38bed5a29"
        },
        {
          "type": "cssRules",
          "assetId": "pC6qv9KjJ7Wk",
          "checksum": "9962d0ba0d4dda2380a3dea38bed5a29"
        },
        {
          "type": "renderModule",
          "assetId": "7RlS78lREQJn",
          "checksum": "77e16eb85761d0de465897a623bda9d9"
        },
        {
          "type": "cssRules",
          "assetId": "7RlS78lREQJn",
          "checksum": "77e16eb85761d0de465897a623bda9d9"
        },
        {
          "type": "renderModule",
          "assetId": "uigk3RmWP41n",
          "checksum": "9cf9f846bfe1b814429b2b3644e4d4dc"
        },
        {
          "type": "cssRules",
          "assetId": "uigk3RmWP41n",
          "checksum": "9cf9f846bfe1b814429b2b3644e4d4dc"
        },
        {
          "type": "renderModule",
          "assetId": "JvkJkd1sW7PX",
          "checksum": "94f9f8d19a820407a294af31167125a2"
        },
        {
          "type": "cssRules",
          "assetId": "JvkJkd1sW7PX",
          "checksum": "94f9f8d19a820407a294af31167125a2"
        },
        {
          "type": "renderModule",
          "assetId": "hT-7s431ztM_",
          "checksum": "feba93e95ee98126ec19041d0f1f6a8e"
        },
        {
          "type": "cssRules",
          "assetId": "hT-7s431ztM_",
          "checksum": "feba93e95ee98126ec19041d0f1f6a8e"
        },
        {
          "type": "renderModule",
          "assetId": "k-rqPJBaiKRM",
          "checksum": "a27f3d6495204f97513decf6c928f746"
        },
        {
          "type": "cssRules",
          "assetId": "k-rqPJBaiKRM",
          "checksum": "a27f3d6495204f97513decf6c928f746"
        },
        {
          "type": "icon",
          "assetId": "MWa29Sm_yoVB",
          "checksum": "8c215f1abbab50ed37a092a4806536b7"
        },
        {
          "type": "icon",
          "assetId": "fn8qkSKZ1Ot9",
          "checksum": "d6dec4203d49621bb94ff1380dfaca5f"
        },
        {
          "type": "icon",
          "assetId": "XWYiocHDU_1K",
          "checksum": "d3782420292ee2919756b34369c497e7"
        },
        {
          "type": "image",
          "assetId": "c2oo2-gObU79",
          "checksum": "0af4d7ee77610896668cc7c282427c02"
        },
        {
          "type": "image",
          "assetId": "IzwH6EAlqatw",
          "checksum": "969cb62d472858c3002d863e24b0b20a"
        },
        {
          "type": "image",
          "assetId": "dkBf6jJUyiFc",
          "checksum": "4e871934df7c9ef9327b86c56b1dbcc9"
        },
        {
          "type": "image",
          "assetId": "flFs5xz-bka1",
          "checksum": "cc5a9f87fdb24f9343378a31d0143446"
        },
        {
          "type": "image",
          "assetId": "4PPGe3l2u2-Q",
          "checksum": "74809b489588f84940f0d4d386df7e2c"
        },
        {
          "type": "image",
          "assetId": "EW1O8xLn5EZ_",
          "checksum": "052f131a9bbf527064a77c59888f6010"
        },
        {
          "assetId": "mDEHsX1J3YSWVvMcFkMkt9",
          "checksum": "23af949f4f316174ea1935d951462a98",
          "type": "projectModule"
        },
        {
          "assetId": "mDEHsX1J3YSWVvMcFkMkt9",
          "checksum": "2ec867acf354f6da6e2de3b0473c9049",
          "type": "styleTokensProvider"
        },
        {
          "assetId": "mDEHsX1J3YSWVvMcFkMkt9",
          "type": "projectCss",
          "checksum": "e54bbb83ea0f8c2a77b6f74a524c07ce"
        }
      ],
      "codegenVersion": "0.0.1"
    }
  ],
  "cliVersion": "0.1.341"
}
